
Microsoft Visual Studio Solution File, Format Version 12.00
# Visual Studio 14
VisualStudioVersion = 14.0.25420.1
MinimumVisualStudioVersion = 10.0.40219.1
Project("{FAE04EC0-301F-11D3-BF4B-00C04F79EFBC}") = "MuhammadHamzaAhmed_8618_CT3", "MuhammadHamzaAhmed_8618_CT3\MuhammadHamzaAhmed_8618_CT3.csproj", "{773CF71A-51F0-4D40-9492-DEF8E8A008CF}"
EndProject
Project("{FAE04EC0-301F-11D3-BF4B-00C04F79EFBC}") = "WindowsFormsApplication1", "WindowsFormsApplication1\WindowsFormsApplication1.csproj", "{4AE428D3-E6A5-4687-B995-1EE46B97A433}"
EndProject
Global
	GlobalSection(SolutionConfigurationPlatforms) = preSolution
		Debug|Any CPU = Debug|Any CPU
		Release|Any CPU = Release|Any CPU
	EndGlobalSection
	GlobalSection(ProjectConfigurationPlatforms) = postSolution
		{773CF71A-51F0-4D40-9492-DEF8E8A008CF}.Debug|Any CPU.ActiveCfg = Debug|Any CPU
		{773CF71A-51F0-4D40-9492-DEF8E8A008CF}.Debug|Any CPU.Build.0 = Debug|Any CPU
		{773CF71A-51F0-4D40-9492-DEF8E8A008CF}.Release|Any CPU.ActiveCfg = Release|Any CPU
		{773CF71A-51F0-4D40-9492-DEF8E8A008CF}.Release|Any CPU.Build.0 = Release|Any CPU
		{4AE428D3-E6A5-4687-B995-1EE46B97A433}.Debug|Any CPU.ActiveCfg = Debug|Any CPU
		{4AE428D3-E6A5-4687-B995-1EE46B97A433}.Debug|Any CPU.Build.0 = Debug|Any CPU
		{4AE428D3-E6A5-4687-B995-1EE46B97A433}.Release|Any CPU.ActiveCfg = Release|Any CPU
		{4AE428D3-E6A5-4687-B995-1EE46B97A433}.Release|Any CPU.Build.0 = Release|Any CPU
	EndGlobalSection
	GlobalSection(SolutionProperties) = preSolution
		HideSolutionNode = FALSE
	EndGlobalSection
EndGlobal
